lockfileVersion: '6.0'

settings:
  autoInstallPeers: true
  excludeLinksFromLockfile: false

dependencies:
  vitepress:
    specifier: 1.0.0-rc.34
    version: 1.0.0-rc.34(@types/node@20.8.7)(@types/react@18.0.15)(react-dom@18.2.0)(react@18.2.0)

devDependencies:
  '@types/node':
    specifier: ^20.0.0
    version: 20.8.7
  '@types/react':
    specifier: ^18.0.15
    version: 18.0.15
  feed:
    specifier: ^4.2.2
    version: 4.2.2
  react:
    specifier: ^18.2.0
    version: 18.2.0
  react-dom:
    specifier: ^18.2.0
    version: 18.2.0(react@18.2.0)

packages:

  /@algolia/autocomplete-core@1.9.3(algoliasearch@4.20.0):
    resolution: {integrity: sha512-009HdfugtGCdC4JdXUbVJClA0q0zh24yyePn+KUGk3rP7j8FEe/m5Yo/z65gn6nP/cM39PxpzqKrL7A6fP6PPw==}
    dependencies:
      '@algolia/autocomplete-plugin-algolia-insights': 1.9.3(algoliasearch@4.20.0)
      '@algolia/autocomplete-shared': 1.9.3(algoliasearch@4.20.0)
    transitivePeerDependencies:
      - '@algolia/client-search'
      - algoliasearch
      - search-insights
    dev: false

  /@algolia/autocomplete-plugin-algolia-insights@1.9.3(algoliasearch@4.20.0):
    resolution: {integrity: sha512-a/yTUkcO/Vyy+JffmAnTWbr4/90cLzw+CC3bRbhnULr/EM0fGNvM13oQQ14f2moLMcVDyAx/leczLlAOovhSZg==}
    peerDependencies:
      search-insights: '>= 1 < 3'
    peerDependenciesMeta:
      search-insights:
        optional: true
    dependencies:
      '@algolia/autocomplete-shared': 1.9.3(algoliasearch@4.20.0)
    transitivePeerDependencies:
      - '@algolia/client-search'
      - algoliasearch
    dev: false

  /@algolia/autocomplete-preset-algolia@1.9.3(algoliasearch@4.20.0):
    resolution: {integrity: sha512-d4qlt6YmrLMYy95n5TB52wtNDr6EgAIPH81dvvvW8UmuWRgxEtY0NJiPwl/h95JtG2vmRM804M0DSwMCNZlzRA==}
    peerDependencies:
      '@algolia/client-search': '>= 4.9.1 < 6'
      algoliasearch: '>= 4.9.1 < 6'
    peerDependenciesMeta:
      '@algolia/client-search':
        optional: true
    dependencies:
      '@algolia/autocomplete-shared': 1.9.3(algoliasearch@4.20.0)
      algoliasearch: 4.20.0
    dev: false

  /@algolia/autocomplete-shared@1.9.3(algoliasearch@4.20.0):
    resolution: {integrity: sha512-Wnm9E4Ye6Rl6sTTqjoymD+l8DjSTHsHboVRYrKgEt8Q7UHm9nYbqhN/i0fhUYA3OAEH7WA8x3jfpnmJm3rKvaQ==}
    peerDependencies:
      '@algolia/client-search': '>= 4.9.1 < 6'
      algoliasearch: '>= 4.9.1 < 6'
    peerDependenciesMeta:
      '@algolia/client-search':
        optional: true
    dependencies:
      algoliasearch: 4.20.0
    dev: false

  /@algolia/cache-browser-local-storage@4.20.0:
    resolution: {integrity: sha512-uujahcBt4DxduBTvYdwO3sBfHuJvJokiC3BP1+O70fglmE1ShkH8lpXqZBac1rrU3FnNYSUs4pL9lBdTKeRPOQ==}
    dependencies:
      '@algolia/cache-common': 4.20.0
    dev: false

  /@algolia/cache-common@4.20.0:
    resolution: {integrity: sha512-vCfxauaZutL3NImzB2G9LjLt36vKAckc6DhMp05An14kVo8F1Yofb6SIl6U3SaEz8pG2QOB9ptwM5c+zGevwIQ==}
    dev: false

  /@algolia/cache-in-memory@4.20.0:
    resolution: {integrity: sha512-Wm9ak/IaacAZXS4mB3+qF/KCoVSBV6aLgIGFEtQtJwjv64g4ePMapORGmCyulCFwfePaRAtcaTbMcJF+voc/bg==}
    dependencies:
      '@algolia/cache-common': 4.20.0
    dev: false

  /@algolia/client-account@4.20.0:
    resolution: {integrity: sha512-GGToLQvrwo7am4zVkZTnKa72pheQeez/16sURDWm7Seyz+HUxKi3BM6fthVVPUEBhtJ0reyVtuK9ArmnaKl10Q==}
    dependencies:
      '@algolia/client-common': 4.20.0
      '@algolia/client-search': 4.20.0
      '@algolia/transporter': 4.20.0
    dev: false

  /@algolia/client-analytics@4.20.0:
    resolution: {integrity: sha512-EIr+PdFMOallRdBTHHdKI3CstslgLORQG7844Mq84ib5oVFRVASuuPmG4bXBgiDbcsMLUeOC6zRVJhv1KWI0ug==}
    dependencies:
      '@algolia/client-common': 4.20.0
      '@algolia/client-search': 4.20.0
      '@algolia/requester-common': 4.20.0
      '@algolia/transporter': 4.20.0
    dev: false

  /@algolia/client-common@4.20.0:
    resolution: {integrity: sha512-P3WgMdEss915p+knMMSd/fwiHRHKvDu4DYRrCRaBrsfFw7EQHon+EbRSm4QisS9NYdxbS04kcvNoavVGthyfqQ==}
    dependencies:
      '@algolia/requester-common': 4.20.0
      '@algolia/transporter': 4.20.0
    dev: false

  /@algolia/client-personalization@4.20.0:
    resolution: {integrity: sha512-N9+zx0tWOQsLc3K4PVRDV8GUeOLAY0i445En79Pr3zWB+m67V+n/8w4Kw1C5LlbHDDJcyhMMIlqezh6BEk7xAQ==}
    dependencies:
      '@algolia/client-common': 4.20.0
      '@algolia/requester-common': 4.20.0
      '@algolia/transporter': 4.20.0
    dev: false

  /@algolia/client-search@4.20.0:
    resolution: {integrity: sha512-zgwqnMvhWLdpzKTpd3sGmMlr4c+iS7eyyLGiaO51zDZWGMkpgoNVmltkzdBwxOVXz0RsFMznIxB9zuarUv4TZg==}
    dependencies:
      '@algolia/client-common': 4.20.0
      '@algolia/requester-common': 4.20.0
      '@algolia/transporter': 4.20.0
    dev: false

  /@algolia/logger-common@4.20.0:
    resolution: {integrity: sha512-xouigCMB5WJYEwvoWW5XDv7Z9f0A8VoXJc3VKwlHJw/je+3p2RcDXfksLI4G4lIVncFUYMZx30tP/rsdlvvzHQ==}
    dev: false

  /@algolia/logger-console@4.20.0:
    resolution: {integrity: sha512-THlIGG1g/FS63z0StQqDhT6bprUczBI8wnLT3JWvfAQDZX5P6fCg7dG+pIrUBpDIHGszgkqYEqECaKKsdNKOUA==}
    dependencies:
      '@algolia/logger-common': 4.20.0
    dev: false

  /@algolia/requester-browser-xhr@4.20.0:
    resolution: {integrity: sha512-HbzoSjcjuUmYOkcHECkVTwAelmvTlgs48N6Owt4FnTOQdwn0b8pdht9eMgishvk8+F8bal354nhx/xOoTfwiAw==}
    dependencies:
      '@algolia/requester-common': 4.20.0
    dev: false

  /@algolia/requester-common@4.20.0:
    resolution: {integrity: sha512-9h6ye6RY/BkfmeJp7Z8gyyeMrmmWsMOCRBXQDs4mZKKsyVlfIVICpcSibbeYcuUdurLhIlrOUkH3rQEgZzonng==}
    dev: false

  /@algolia/requester-node-http@4.20.0:
    resolution: {integrity: sha512-ocJ66L60ABSSTRFnCHIEZpNHv6qTxsBwJEPfYaSBsLQodm0F9ptvalFkHMpvj5DfE22oZrcrLbOYM2bdPJRHng==}
    dependencies:
      '@algolia/requester-common': 4.20.0
    dev: false

  /@algolia/transporter@4.20.0:
    resolution: {integrity: sha512-Lsii1pGWOAISbzeyuf+r/GPhvHMPHSPrTDWNcIzOE1SG1inlJHICaVe2ikuoRjcpgxZNU54Jl+if15SUCsaTUg==}
    dependencies:
      '@algolia/cache-common': 4.20.0
      '@algolia/logger-common': 4.20.0
      '@algolia/requester-common': 4.20.0
    dev: false

  /@babel/helper-validator-identifier@7.18.6:
    resolution: {integrity: sha512-MmetCkz9ej86nJQV+sFCxoGGrUbU3q02kgLciwkrt9QqEB7cP39oKEY0PakknEO0Gu20SskMRi+AYZ3b1TpN9g==}
    engines: {node: '>=6.9.0'}
    dev: false

  /@babel/parser@7.23.6:
    resolution: {integrity: sha512-Z2uID7YJ7oNvAI20O9X0bblw7Qqs8Q2hFy0R9tAfnfLkp5MW0UH9eUvnDSnFwKZ0AvgS1ucqR4KzvVHgnke1VQ==}
    engines: {node: '>=6.0.0'}
    hasBin: true
    dependencies:
      '@babel/types': 7.18.8
    dev: false

  /@babel/types@7.18.8:
    resolution: {integrity: sha512-qwpdsmraq0aJ3osLJRApsc2ouSJCdnMeZwB0DhbtHAtRpZNZCdlbRnHIgcRKzdE1g0iOGg644fzjOBcdOz9cPw==}
    engines: {node: '>=6.9.0'}
    dependencies:
      '@babel/helper-validator-identifier': 7.18.6
      to-fast-properties: 2.0.0
    dev: false

  /@docsearch/css@3.5.2:
    resolution: {integrity: sha512-SPiDHaWKQZpwR2siD0KQUwlStvIAnEyK6tAE2h2Wuoq8ue9skzhlyVQ1ddzOxX6khULnAALDiR/isSF3bnuciA==}
    dev: false

  /@docsearch/js@3.5.2(@types/react@18.0.15)(react-dom@18.2.0)(react@18.2.0):
    resolution: {integrity: sha512-p1YFTCDflk8ieHgFJYfmyHBki1D61+U9idwrLh+GQQMrBSP3DLGKpy0XUJtPjAOPltcVbqsTjiPFfH7JImjUNg==}
    dependencies:
      '@docsearch/react': 3.5.2(@types/react@18.0.15)(react-dom@18.2.0)(react@18.2.0)
      preact: 10.10.0
    transitivePeerDependencies:
      - '@algolia/client-search'
      - '@types/react'
      - react
      - react-dom
      - search-insights
    dev: false

  /@docsearch/react@3.5.2(@types/react@18.0.15)(react-dom@18.2.0)(react@18.2.0):
    resolution: {integrity: sha512-9Ahcrs5z2jq/DcAvYtvlqEBHImbm4YJI8M9y0x6Tqg598P40HTEkX7hsMcIuThI+hTFxRGZ9hll0Wygm2yEjng==}
    peerDependencies:
      '@types/react': '>= 16.8.0 < 19.0.0'
      react: '>= 16.8.0 < 19.0.0 || 18'
      react-dom: '>= 16.8.0 < 19.0.0'
      search-insights: '>= 1 < 3'
    peerDependenciesMeta:
      '@types/react':
        optional: true
      react:
        optional: true
      react-dom:
        optional: true
      search-insights:
        optional: true
    dependencies:
      '@algolia/autocomplete-core': 1.9.3(algoliasearch@4.20.0)
      '@algolia/autocomplete-preset-algolia': 1.9.3(algoliasearch@4.20.0)
      '@docsearch/css': 3.5.2
      '@types/react': 18.0.15
      algoliasearch: 4.20.0
      react: 18.2.0
      react-dom: 18.2.0(react@18.2.0)
    transitivePeerDependencies:
      - '@algolia/client-search'
    dev: false

  /@esbuild/android-arm64@0.19.5:
    resolution: {integrity: sha512-5d1OkoJxnYQfmC+Zd8NBFjkhyCNYwM4n9ODrycTFY6Jk1IGiZ+tjVJDDSwDt77nK+tfpGP4T50iMtVi4dEGzhQ==}
    engines: {node: '>=12'}
    cpu: [arm64]
    os: [android]
    requiresBuild: true
    dev: false
    optional: true

  /@esbuild/android-arm@0.19.5:
    resolution: {integrity: sha512-bhvbzWFF3CwMs5tbjf3ObfGqbl/17ict2/uwOSfr3wmxDE6VdS2GqY/FuzIPe0q0bdhj65zQsvqfArI9MY6+AA==}
    engines: {node: '>=12'}
    cpu: [arm]
    os: [android]
    requiresBuild: true
    dev: false
    optional: true

  /@esbuild/android-x64@0.19.5:
    resolution: {integrity: sha512-9t+28jHGL7uBdkBjL90QFxe7DVA+KGqWlHCF8ChTKyaKO//VLuoBricQCgwhOjA1/qOczsw843Fy4cbs4H3DVA==}
    engines: {node: '>=12'}
    cpu: [x64]
    os: [android]
    requiresBuild: true
    dev: false
    optional: true

  /@esbuild/darwin-arm64@0.19.5:
    resolution: {integrity: sha512-mvXGcKqqIqyKoxq26qEDPHJuBYUA5KizJncKOAf9eJQez+L9O+KfvNFu6nl7SCZ/gFb2QPaRqqmG0doSWlgkqw==}
    engines: {node: '>=12'}
    cpu: [arm64]
    os: [darwin]
    requiresBuild: true
    dev: false
    optional: true

  /@esbuild/darwin-x64@0.19.5:
    resolution: {integrity: sha512-Ly8cn6fGLNet19s0X4unjcniX24I0RqjPv+kurpXabZYSXGM4Pwpmf85WHJN3lAgB8GSth7s5A0r856S+4DyiA==}
    engines: {node: '>=12'}
    cpu: [x64]
    os: [darwin]
    requiresBuild: true
    dev: false
    optional: true

  /@esbuild/freebsd-arm64@0.19.5:
    resolution: {integrity: sha512-GGDNnPWTmWE+DMchq1W8Sd0mUkL+APvJg3b11klSGUDvRXh70JqLAO56tubmq1s2cgpVCSKYywEiKBfju8JztQ==}
    engines: {node: '>=12'}
    cpu: [arm64]
    os: [freebsd]
    requiresBuild: true
    dev: false
    optional: true

  /@esbuild/freebsd-x64@0.19.5:
    resolution: {integrity: sha512-1CCwDHnSSoA0HNwdfoNY0jLfJpd7ygaLAp5EHFos3VWJCRX9DMwWODf96s9TSse39Br7oOTLryRVmBoFwXbuuQ==}
    engines: {node: '>=12'}
    cpu: [x64]
    os: [freebsd]
    requiresBuild: true
    dev: false
    optional: true

  /@esbuild/linux-arm64@0.19.5:
    resolution: {integrity: sha512-o3vYippBmSrjjQUCEEiTZ2l+4yC0pVJD/Dl57WfPwwlvFkrxoSO7rmBZFii6kQB3Wrn/6GwJUPLU5t52eq2meA==}
    engines: {node: '>=12'}
    cpu: [arm64]
    os: [linux]
    requiresBuild: true
    dev: false
    optional: true

  /@esbuild/linux-arm@0.19.5:
    resolution: {integrity: sha512-lrWXLY/vJBzCPC51QN0HM71uWgIEpGSjSZZADQhq7DKhPcI6NH1IdzjfHkDQws2oNpJKpR13kv7/pFHBbDQDwQ==}
    engines: {node: '>=12'}
    cpu: [arm]
    os: [linux]
    requiresBuild: true
    dev: false
    optional: true

  /@esbuild/linux-ia32@0.19.5:
    resolution: {integrity: sha512-MkjHXS03AXAkNp1KKkhSKPOCYztRtK+KXDNkBa6P78F8Bw0ynknCSClO/ztGszILZtyO/lVKpa7MolbBZ6oJtQ==}
    engines: {node: '>=12'}
    cpu: [ia32]
    os: [linux]
    requiresBuild: true
    dev: false
    optional: true

  /@esbuild/linux-loong64@0.19.5:
    resolution: {integrity: sha512-42GwZMm5oYOD/JHqHska3Jg0r+XFb/fdZRX+WjADm3nLWLcIsN27YKtqxzQmGNJgu0AyXg4HtcSK9HuOk3v1Dw==}
    engines: {node: '>=12'}
    cpu: [loong64]
    os: [linux]
    requiresBuild: true
    dev: false
    optional: true

  /@esbuild/linux-mips64el@0.19.5:
    resolution: {integrity: sha512-kcjndCSMitUuPJobWCnwQ9lLjiLZUR3QLQmlgaBfMX23UEa7ZOrtufnRds+6WZtIS9HdTXqND4yH8NLoVVIkcg==}
    engines: {node: '>=12'}
    cpu: [mips64el]
    os: [linux]
    requiresBuild: true
    dev: false
    optional: true

  /@esbuild/linux-ppc64@0.19.5:
    resolution: {integrity: sha512-yJAxJfHVm0ZbsiljbtFFP1BQKLc8kUF6+17tjQ78QjqjAQDnhULWiTA6u0FCDmYT1oOKS9PzZ2z0aBI+Mcyj7Q==}
    engines: {node: '>=12'}
    cpu: [ppc64]
    os: [linux]
    requiresBuild: true
    dev: false
    optional: true

  /@esbuild/linux-riscv64@0.19.5:
    resolution: {integrity: sha512-5u8cIR/t3gaD6ad3wNt1MNRstAZO+aNyBxu2We8X31bA8XUNyamTVQwLDA1SLoPCUehNCymhBhK3Qim1433Zag==}
    engines: {node: '>=12'}
    cpu: [riscv64]
    os: [linux]
    requiresBuild: true
    dev: false
    optional: true

  /@esbuild/linux-s390x@0.19.5:
    resolution: {integrity: sha512-Z6JrMyEw/EmZBD/OFEFpb+gao9xJ59ATsoTNlj39jVBbXqoZm4Xntu6wVmGPB/OATi1uk/DB+yeDPv2E8PqZGw==}
    engines: {node: '>=12'}
    cpu: [s390x]
    os: [linux]
    requiresBuild: true
    dev: false
    optional: true

  /@esbuild/linux-x64@0.19.5:
    resolution: {integrity: sha512-psagl+2RlK1z8zWZOmVdImisMtrUxvwereIdyJTmtmHahJTKb64pAcqoPlx6CewPdvGvUKe2Jw+0Z/0qhSbG1A==}
    engines: {node: '>=12'}
    cpu: [x64]
    os: [linux]
    requiresBuild: true
    dev: false
    optional: true

  /@esbuild/netbsd-x64@0.19.5:
    resolution: {integrity: sha512-kL2l+xScnAy/E/3119OggX8SrWyBEcqAh8aOY1gr4gPvw76la2GlD4Ymf832UCVbmuWeTf2adkZDK+h0Z/fB4g==}
    engines: {node: '>=12'}
    cpu: [x64]
    os: [netbsd]
    requiresBuild: true
    dev: false
    optional: true

  /@esbuild/openbsd-x64@0.19.5:
    resolution: {integrity: sha512-sPOfhtzFufQfTBgRnE1DIJjzsXukKSvZxloZbkJDG383q0awVAq600pc1nfqBcl0ice/WN9p4qLc39WhBShRTA==}
    engines: {node: '>=12'}
    cpu: [x64]
    os: [openbsd]
    requiresBuild: true
    dev: false
    optional: true

  /@esbuild/sunos-x64@0.19.5:
    resolution: {integrity: sha512-dGZkBXaafuKLpDSjKcB0ax0FL36YXCvJNnztjKV+6CO82tTYVDSH2lifitJ29jxRMoUhgkg9a+VA/B03WK5lcg==}
    engines: {node: '>=12'}
    cpu: [x64]
    os: [sunos]
    requiresBuild: true
    dev: false
    optional: true

  /@esbuild/win32-arm64@0.19.5:
    resolution: {integrity: sha512-dWVjD9y03ilhdRQ6Xig1NWNgfLtf2o/STKTS+eZuF90fI2BhbwD6WlaiCGKptlqXlURVB5AUOxUj09LuwKGDTg==}
    engines: {node: '>=12'}
    cpu: [arm64]
    os: [win32]
    requiresBuild: true
    dev: false
    optional: true

  /@esbuild/win32-ia32@0.19.5:
    resolution: {integrity: sha512-4liggWIA4oDgUxqpZwrDhmEfAH4d0iljanDOK7AnVU89T6CzHon/ony8C5LeOdfgx60x5cnQJFZwEydVlYx4iw==}
    engines: {node: '>=12'}
    cpu: [ia32]
    os: [win32]
    requiresBuild: true
    dev: false
    optional: true

  /@esbuild/win32-x64@0.19.5:
    resolution: {integrity: sha512-czTrygUsB/jlM8qEW5MD8bgYU2Xg14lo6kBDXW6HdxKjh8M5PzETGiSHaz9MtbXBYDloHNUAUW2tMiKW4KM9Mw==}
    engines: {node: '>=12'}
    cpu: [x64]
    os: [win32]
    requiresBuild: true
    dev: false
    optional: true

  /@jridgewell/sourcemap-codec@1.4.15:
    resolution: {integrity: sha512-eF2rxCRulEKXHTRiDrDy6erMYWqNw4LPdQ8UQA4huuxaQsVeRPFl2oM8oDGxMFhJUWZf9McpLtJasDDZb/Bpeg==}
    dev: false

  /@rollup/rollup-android-arm-eabi@4.5.0:
    resolution: {integrity: sha512-OINaBGY+Wc++U0rdr7BLuFClxcoWaVW3vQYqmQq6B3bqQ/2olkaoz+K8+af/Mmka/C2yN5j+L9scBkv4BtKsDA==}
    cpu: [arm]
    os: [android]
    requiresBuild: true
    dev: false
    optional: true

  /@rollup/rollup-android-arm64@4.5.0:
    resolution: {integrity: sha512-UdMf1pOQc4ZmUA/NTmKhgJTBimbSKnhPS2zJqucqFyBRFPnPDtwA8MzrGNTjDeQbIAWfpJVAlxejw+/lQyBK/w==}
    cpu: [arm64]
    os: [android]
    requiresBuild: true
    dev: false
    optional: true

  /@rollup/rollup-darwin-arm64@4.5.0:
    resolution: {integrity: sha512-L0/CA5p/idVKI+c9PcAPGorH6CwXn6+J0Ys7Gg1axCbTPgI8MeMlhA6fLM9fK+ssFhqogMHFC8HDvZuetOii7w==}
    cpu: [arm64]
    os: [darwin]
    requiresBuild: true
    dev: false
    optional: true

  /@rollup/rollup-darwin-x64@4.5.0:
    resolution: {integrity: sha512-QZCbVqU26mNlLn8zi/XDDquNmvcr4ON5FYAHQQsyhrHx8q+sQi/6xduoznYXwk/KmKIXG5dLfR0CvY+NAWpFYQ==}
    cpu: [x64]
    os: [darwin]
    requiresBuild: true
    dev: false
    optional: true

  /@rollup/rollup-linux-arm-gnueabihf@4.5.0:
    resolution: {integrity: sha512-VpSQ+xm93AeV33QbYslgf44wc5eJGYfYitlQzAi3OObu9iwrGXEnmu5S3ilkqE3Pr/FkgOiJKV/2p0ewf4Hrtg==}
    cpu: [arm]
    os: [linux]
    requiresBuild: true
    dev: false
    optional: true

  /@rollup/rollup-linux-arm64-gnu@4.5.0:
    resolution: {integrity: sha512-OrEyIfpxSsMal44JpEVx9AEcGpdBQG1ZuWISAanaQTSMeStBW+oHWwOkoqR54bw3x8heP8gBOyoJiGg+fLY8qQ==}
    cpu: [arm64]
    os: [linux]
    requiresBuild: true
    dev: false
    optional: true

  /@rollup/rollup-linux-arm64-musl@4.5.0:
    resolution: {integrity: sha512-1H7wBbQuE6igQdxMSTjtFfD+DGAudcYWhp106z/9zBA8OQhsJRnemO4XGavdzHpGhRtRxbgmUGdO3YQgrWf2RA==}
    cpu: [arm64]
    os: [linux]
    requiresBuild: true
    dev: false
    optional: true

  /@rollup/rollup-linux-x64-gnu@4.5.0:
    resolution: {integrity: sha512-FVyFI13tXw5aE65sZdBpNjPVIi4Q5mARnL/39UIkxvSgRAIqCo5sCpCELk0JtXHGee2owZz5aNLbWNfBHzr71Q==}
    cpu: [x64]
    os: [linux]
    requiresBuild: true
    dev: false
    optional: true

  /@rollup/rollup-linux-x64-musl@4.5.0:
    resolution: {integrity: sha512-eBPYl2sLpH/o8qbSz6vPwWlDyThnQjJfcDOGFbNjmjb44XKC1F5dQfakOsADRVrXCNzM6ZsSIPDG5dc6HHLNFg==}
    cpu: [x64]
    os: [linux]
    requiresBuild: true
    dev: false
    optional: true

  /@rollup/rollup-win32-arm64-msvc@4.5.0:
    resolution: {integrity: sha512-xaOHIfLOZypoQ5U2I6rEaugS4IYtTgP030xzvrBf5js7p9WI9wik07iHmsKaej8Z83ZDxN5GyypfoyKV5O5TJA==}
    cpu: [arm64]
    os: [win32]
    requiresBuild: true
    dev: false
    optional: true

  /@rollup/rollup-win32-ia32-msvc@4.5.0:
    resolution: {integrity: sha512-Al6quztQUrHwcOoU2TuFblUQ5L+/AmPBXFR6dUvyo4nRj2yQRK0WIUaGMF/uwKulvRcXkpHe3k9A8Vf93VDktA==}
    cpu: [ia32]
    os: [win32]
    requiresBuild: true
    dev: false
    optional: true

  /@rollup/rollup-win32-x64-msvc@4.5.0:
    resolution: {integrity: sha512-8kdW+brNhI/NzJ4fxDufuJUjepzINqJKLGHuxyAtpPG9bMbn8P5mtaCcbOm0EzLJ+atg+kF9dwg8jpclkVqx5w==}
    cpu: [x64]
    os: [win32]
    requiresBuild: true
    dev: false
    optional: true

  /@types/linkify-it@3.0.3:
    resolution: {integrity: sha512-pTjcqY9E4nOI55Wgpz7eiI8+LzdYnw3qxXCfHyBDdPbYvbyLgWLJGh8EdPvqawwMK1Uo1794AUkkR38Fr0g+2g==}
    dev: false

  /@types/markdown-it@13.0.7:
    resolution: {integrity: sha512-U/CBi2YUUcTHBt5tjO2r5QV/x0Po6nsYwQU4Y04fBS6vfoImaiZ6f8bi3CjTCxBPQSO1LMyUqkByzi8AidyxfA==}
    dependencies:
      '@types/linkify-it': 3.0.3
      '@types/mdurl': 1.0.2
    dev: false

  /@types/mdurl@1.0.2:
    resolution: {integrity: sha512-eC4U9MlIcu2q0KQmXszyn5Akca/0jrQmwDRgpAMJai7qBWq4amIQhZyNau4VYGtCeALvW1/NtjzJJ567aZxfKA==}
    dev: false

  /@types/node@20.8.7:
    resolution: {integrity: sha512-21TKHHh3eUHIi2MloeptJWALuCu5H7HQTdTrWIFReA8ad+aggoX+lRes3ex7/FtpC+sVUpFMQ+QTfYr74mruiQ==}
    dependencies:
      undici-types: 5.25.3

  /@types/prop-types@15.7.5:
    resolution: {integrity: sha512-JCB8C6SnDoQf0cNycqd/35A7MjcnK+ZTqE7judS6o7utxUCg6imJg3QK2qzHKszlTjcj2cn+NwMB2i96ubpj7w==}

  /@types/react@18.0.15:
    resolution: {integrity: sha512-iz3BtLuIYH1uWdsv6wXYdhozhqj20oD4/Hk2DNXIn1kFsmp9x8d9QB6FnPhfkbhd2PgEONt9Q1x/ebkwjfFLow==}
    dependencies:
      '@types/prop-types': 15.7.5
      '@types/scheduler': 0.16.2
      csstype: 3.1.0

  /@types/scheduler@0.16.2:
    resolution: {integrity: sha512-hppQEBDmlwhFAXKJX2KnWLYu5yMfi91yazPb2l+lbJiwW+wdo1gNeRA+3RgNSO39WYX2euey41KEwnqesU2Jew==}

  /@types/web-bluetooth@0.0.20:
    resolution: {integrity: sha512-g9gZnnXVq7gM7v3tJCWV/qw7w+KeOlSHAhgF9RytFyifW6AF61hdT2ucrYhPq9hLs5JIryeupHV3qGk95dH9ow==}
    dev: false

  /@vitejs/plugin-vue@5.0.2(vite@5.0.10)(vue@3.4.3):
    resolution: {integrity: sha512-kEjJHrLb5ePBvjD0SPZwJlw1QTRcjjCA9sB5VyfonoXVBxTS7TMnqL6EkLt1Eu61RDeiuZ/WN9Hf6PxXhPI2uA==}
    engines: {node: ^18.0.0 || >=20.0.0}
    peerDependencies:
      vite: ^5.0.0
      vue: ^3.2.25
    dependencies:
      vite: 5.0.10(@types/node@20.8.7)
      vue: 3.4.3
    dev: false

  /@vue/compiler-core@3.4.3:
    resolution: {integrity: sha512-u8jzgFg0EDtSrb/hG53Wwh1bAOQFtc1ZCegBpA/glyvTlgHl+tq13o1zvRfLbegYUw/E4mSTGOiCnAJ9SJ+lsg==}
    dependencies:
      '@babel/parser': 7.23.6
      '@vue/shared': 3.4.3
      entities: 4.5.0
      estree-walker: 2.0.2
      source-map-js: 1.0.2
    dev: false

  /@vue/compiler-dom@3.4.3:
    resolution: {integrity: sha512-oGF1E9/htI6JWj/lTJgr6UgxNCtNHbM6xKVreBWeZL9QhRGABRVoWGAzxmtBfSOd+w0Zi5BY0Es/tlJrN6WgEg==}
    dependencies:
      '@vue/compiler-core': 3.4.3
      '@vue/shared': 3.4.3
    dev: false

  /@vue/compiler-sfc@3.4.3:
    resolution: {integrity: sha512-NuJqb5is9I4uzv316VRUDYgIlPZCG8D+ARt5P4t5UDShIHKL25J3TGZAUryY/Aiy0DsY7srJnZL5ryB6DD63Zw==}
    dependencies:
      '@babel/parser': 7.23.6
      '@vue/compiler-core': 3.4.3
      '@vue/compiler-dom': 3.4.3
      '@vue/compiler-ssr': 3.4.3
      '@vue/shared': 3.4.3
      estree-walker: 2.0.2
      magic-string: 0.30.5
      postcss: 8.4.32
      source-map-js: 1.0.2
    dev: false

  /@vue/compiler-ssr@3.4.3:
    resolution: {integrity: sha512-wnYQtMBkeFSxgSSQbYGQeXPhQacQiog2c6AlvMldQH6DB+gSXK/0F6DVXAJfEiuBSgBhUc8dwrrG5JQcqwalsA==}
    dependencies:
      '@vue/compiler-dom': 3.4.3
      '@vue/shared': 3.4.3
    dev: false

  /@vue/devtools-api@6.5.1:
    resolution: {integrity: sha512-+KpckaAQyfbvshdDW5xQylLni1asvNSGme1JFs8I1+/H5pHEhqUKMEQD/qn3Nx5+/nycBq11qAEi8lk+LXI2dA==}
    dev: false

  /@vue/reactivity@3.4.3:
    resolution: {integrity: sha512-q5f9HLDU+5aBKizXHAx0w4whkIANs1Muiq9R5YXm0HtorSlflqv9u/ohaMxuuhHWCji4xqpQ1eL04WvmAmGnFg==}
    dependencies:
      '@vue/shared': 3.4.3
    dev: false

  /@vue/runtime-core@3.4.3:
    resolution: {integrity: sha512-C1r6QhB1qY7D591RCSFhMULyzL9CuyrGc+3PpB0h7dU4Qqw6GNyo4BNFjHZVvsWncrUlKX3DIKg0Y7rNNr06NQ==}
    dependencies:
      '@vue/reactivity': 3.4.3
      '@vue/shared': 3.4.3
    dev: false

  /@vue/runtime-dom@3.4.3:
    resolution: {integrity: sha512-wrsprg7An5Ec+EhPngWdPuzkp0BEUxAKaQtN9dPU/iZctPyD9aaXmVtehPJerdQxQale6gEnhpnfywNw3zOv2A==}
    dependencies:
      '@vue/runtime-core': 3.4.3
      '@vue/shared': 3.4.3
      csstype: 3.1.3
    dev: false

  /@vue/server-renderer@3.4.3(vue@3.4.3):
    resolution: {integrity: sha512-BUxt8oVGMKKsqSkM1uU3d3Houyfy4WAc2SpSQRebNd+XJGATVkW/rO129jkyL+kpB/2VRKzE63zwf5RtJ3XuZw==}
    peerDependencies:
      vue: 3.4.3
    dependencies:
      '@vue/compiler-ssr': 3.4.3
      '@vue/shared': 3.4.3
      vue: 3.4.3
    dev: false

  /@vue/shared@3.4.3:
    resolution: {integrity: sha512-rIwlkkP1n4uKrRzivAKPZIEkHiuwY5mmhMJ2nZKCBLz8lTUlE73rQh4n1OnnMurXt1vcUNyH4ZPfdh8QweTjpQ==}
    dev: false

  /@vueuse/core@10.7.1(vue@3.4.3):
    resolution: {integrity: sha512-74mWHlaesJSWGp1ihg76vAnfVq9NTv1YT0SYhAQ6zwFNdBkkP+CKKJmVOEHcdSnLXCXYiL5e7MaewblfiYLP7g==}
    dependencies:
      '@types/web-bluetooth': 0.0.20
      '@vueuse/metadata': 10.7.1
      '@vueuse/shared': 10.7.1(vue@3.4.3)
      vue-demi: 0.14.6(vue@3.4.3)
    transitivePeerDependencies:
      - '@vue/composition-api'
      - vue
    dev: false

  /@vueuse/integrations@10.7.1(focus-trap@7.5.4)(vue@3.4.3):
    resolution: {integrity: sha512-cKo5LEeKVHdBRBtMTOrDPdR0YNtrmN9IBfdcnY2P3m5LHVrsD0xiHUtAH1WKjHQRIErZG6rJUa6GA4tWZt89Og==}
    peerDependencies:
      async-validator: '*'
      axios: '*'
      change-case: '*'
      drauu: '*'
      focus-trap: '*'
      fuse.js: '*'
      idb-keyval: '*'
      jwt-decode: '*'
      nprogress: '*'
      qrcode: '*'
      sortablejs: '*'
      universal-cookie: '*'
    peerDependenciesMeta:
      async-validator:
        optional: true
      axios:
        optional: true
      change-case:
        optional: true
      drauu:
        optional: true
      focus-trap:
        optional: true
      fuse.js:
        optional: true
      idb-keyval:
        optional: true
      jwt-decode:
        optional: true
      nprogress:
        optional: true
      qrcode:
        optional: true
      sortablejs:
        optional: true
      universal-cookie:
        optional: true
    dependencies:
      '@vueuse/core': 10.7.1(vue@3.4.3)
      '@vueuse/shared': 10.7.1(vue@3.4.3)
      focus-trap: 7.5.4
      vue-demi: 0.14.6(vue@3.4.3)
    transitivePeerDependencies:
      - '@vue/composition-api'
      - vue
    dev: false

  /@vueuse/metadata@10.7.1:
    resolution: {integrity: sha512-jX8MbX5UX067DYVsbtrmKn6eG6KMcXxLRLlurGkZku5ZYT3vxgBjui2zajvUZ18QLIjrgBkFRsu7CqTAg18QFw==}
    dev: false

  /@vueuse/shared@10.7.1(vue@3.4.3):
    resolution: {integrity: sha512-v0jbRR31LSgRY/C5i5X279A/WQjD6/JsMzGa+eqt658oJ75IvQXAeONmwvEMrvJQKnRElq/frzBR7fhmWY5uLw==}
    dependencies:
      vue-demi: 0.14.6(vue@3.4.3)
    transitivePeerDependencies:
      - '@vue/composition-api'
      - vue
    dev: false

  /algoliasearch@4.20.0:
    resolution: {integrity: sha512-y+UHEjnOItoNy0bYO+WWmLWBlPwDjKHW6mNHrPi0NkuhpQOOEbrkwQH/wgKFDLh7qlKjzoKeiRtlpewDPDG23g==}
    dependencies:
      '@algolia/cache-browser-local-storage': 4.20.0
      '@algolia/cache-common': 4.20.0
      '@algolia/cache-in-memory': 4.20.0
      '@algolia/client-account': 4.20.0
      '@algolia/client-analytics': 4.20.0
      '@algolia/client-common': 4.20.0
      '@algolia/client-personalization': 4.20.0
      '@algolia/client-search': 4.20.0
      '@algolia/logger-common': 4.20.0
      '@algolia/logger-console': 4.20.0
      '@algolia/requester-browser-xhr': 4.20.0
      '@algolia/requester-common': 4.20.0
      '@algolia/requester-node-http': 4.20.0
      '@algolia/transporter': 4.20.0
    dev: false

  /csstype@3.1.0:
    resolution: {integrity: sha512-uX1KG+x9h5hIJsaKR9xHUeUraxf8IODOwq9JLNPq6BwB04a/xgpq3rcx47l5BZu5zBPlgD342tdke3Hom/nJRA==}

  /csstype@3.1.3:
    resolution: {integrity: sha512-M1uQkMl8rQK/szD0LNhtqxIPLpimGm8sOBwU7lLnCpSbTyY3yeU1Vc7l4KT5zT4s/yOxHH5O7tIuuLOCnLADRw==}
    dev: false

  /entities@4.5.0:
    resolution: {integrity: sha512-V0hjH4dGPh9Ao5p0MoRY6BVqtwCjhz6vI5LT8AJ55H+4g9/4vbHx1I54fS0XuclLhDHArPQCiMjDxjaL8fPxhw==}
    engines: {node: '>=0.12'}
    dev: false

  /esbuild@0.19.5:
    resolution: {integrity: sha512-bUxalY7b1g8vNhQKdB24QDmHeY4V4tw/s6Ak5z+jJX9laP5MoQseTOMemAr0gxssjNcH0MCViG8ONI2kksvfFQ==}
    engines: {node: '>=12'}
    hasBin: true
    requiresBuild: true
    optionalDependencies:
      '@esbuild/android-arm': 0.19.5
      '@esbuild/android-arm64': 0.19.5
      '@esbuild/android-x64': 0.19.5
      '@esbuild/darwin-arm64': 0.19.5
      '@esbuild/darwin-x64': 0.19.5
      '@esbuild/freebsd-arm64': 0.19.5
      '@esbuild/freebsd-x64': 0.19.5
      '@esbuild/linux-arm': 0.19.5
      '@esbuild/linux-arm64': 0.19.5
      '@esbuild/linux-ia32': 0.19.5
      '@esbuild/linux-loong64': 0.19.5
      '@esbuild/linux-mips64el': 0.19.5
      '@esbuild/linux-ppc64': 0.19.5
      '@esbuild/linux-riscv64': 0.19.5
      '@esbuild/linux-s390x': 0.19.5
      '@esbuild/linux-x64': 0.19.5
      '@esbuild/netbsd-x64': 0.19.5
      '@esbuild/openbsd-x64': 0.19.5
      '@esbuild/sunos-x64': 0.19.5
      '@esbuild/win32-arm64': 0.19.5
      '@esbuild/win32-ia32': 0.19.5
      '@esbuild/win32-x64': 0.19.5
    dev: false

  /estree-walker@2.0.2:
    resolution: {integrity: sha512-Rfkk/Mp/DL7JVje3u18FxFujQlTNR2q6QfMSMB7AvCBx91NGj/ba3kCfza0f6dVDbw7YlRf/nDrn7pQrCCyQ/w==}
    dev: false

  /feed@4.2.2:
    resolution: {integrity: sha512-u5/sxGfiMfZNtJ3OvQpXcvotFpYkL0n9u9mM2vkui2nGo8b4wvDkJ8gAkYqbA8QpGyFCv3RK0Z+Iv+9veCS9bQ==}
    engines: {node: '>=0.4.0'}
    dependencies:
      xml-js: 1.6.11
    dev: true

  /focus-trap@7.5.4:
    resolution: {integrity: sha512-N7kHdlgsO/v+iD/dMoJKtsSqs5Dz/dXZVebRgJw23LDk+jMi/974zyiOYDziY2JPp8xivq9BmUGwIJMiuSBi7w==}
    dependencies:
      tabbable: 6.2.0
    dev: false

  /fsevents@2.3.3:
    resolution: {integrity: sha512-5xoDfX+fL7faATnagmWPpbFtwh/R77WmMMqqHGS65C3vvB0YHrgF+B1YmZ3441tMj5n63k0212XNoJwzlhffQw==}
    engines: {node: ^8.16.0 || ^10.6.0 || >=11.0.0}
    os: [darwin]
    requiresBuild: true
    dev: false
    optional: true

  /js-tokens@4.0.0:
    resolution: {integrity: sha512-RdJUflcE3cUzKiMqQgsCu06FPu9UdIJO0beYbPhHN4k6apgJtifcoCtT9bcxOpYBtpD2kCM6Sbzg4CausW/PKQ==}

  /loose-envify@1.4.0:
    resolution: {integrity: sha512-lyuxPGr/Wfhrlem2CL/UcnUc1zcqKAImBDzukY7Y5F/yQiNdko6+fRLevlw1HgMySw7f611UIY408EtxRSoK3Q==}
    hasBin: true
    dependencies:
      js-tokens: 4.0.0

  /magic-string@0.30.5:
    resolution: {integrity: sha512-7xlpfBaQaP/T6Vh8MO/EqXSW5En6INHEvEXQiuff7Gku0PWjU3uf6w/j9o7O+SpB5fOAkrI5HeoNgwjEO0pFsA==}
    engines: {node: '>=12'}
    dependencies:
      '@jridgewell/sourcemap-codec': 1.4.15
    dev: false

  /mark.js@8.11.1:
    resolution: {integrity: sha512-1I+1qpDt4idfgLQG+BNWmrqku+7/2bi5nLf4YwF8y8zXvmfiTBY3PV3ZibfrjBueCByROpuBjLLFCajqkgYoLQ==}
    dev: false

  /minisearch@6.3.0:
    resolution: {integrity: sha512-ihFnidEeU8iXzcVHy74dhkxh/dn8Dc08ERl0xwoMMGqp4+LvRSCgicb+zGqWthVokQKvCSxITlh3P08OzdTYCQ==}
    dev: false

  /mrmime@2.0.0:
    resolution: {integrity: sha512-eu38+hdgojoyq63s+yTpN4XMBdt5l8HhMhc4VKLO9KM5caLIBvUm4thi7fFaxyTmCKeNnXZ5pAlBwCUnhA09uw==}
    engines: {node: '>=10'}
    dev: false

  /nanoid@3.3.7:
    resolution: {integrity: sha512-eSRppjcPIatRIMC1U6UngP8XFcz8MQWGQdt1MTBQ7NaAmvXDfvNxbvWV3x2y6CdEUciCSsDHDQZbhYaB8QEo2g==}
    engines: {node: ^10 || ^12 || ^13.7 || ^14 || >=15.0.1}
    hasBin: true
    dev: false

  /picocolors@1.0.0:
    resolution: {integrity: sha512-1fygroTLlHu66zi26VoTDv8yRgm0Fccecssto+MhsZ0D/DGW2sm8E8AjW7NU5VVTRt5GxbeZ5qBuJr+HyLYkjQ==}
    dev: false

  /postcss@8.4.32:
    resolution: {integrity: sha512-D/kj5JNu6oo2EIy+XL/26JEDTlIbB8hw85G8StOE6L74RQAVVP5rej6wxCNqyMbR4RkPfqvezVbPw81Ngd6Kcw==}
    engines: {node: ^10 || ^12 || >=14}
    dependencies:
      nanoid: 3.3.7
      picocolors: 1.0.0
      source-map-js: 1.0.2
    dev: false

  /preact@10.10.0:
    resolution: {integrity: sha512-fszkg1iJJjq68I4lI8ZsmBiaoQiQHbxf1lNq+72EmC/mZOsFF5zn3k1yv9QGoFgIXzgsdSKtYymLJsrJPoamjQ==}
    dev: false

  /react-dom@18.2.0(react@18.2.0):
    resolution: {integrity: sha512-6IMTriUmvsjHUjNtEDudZfuDQUoWXVxKHhlEGSk81n4YFS+r/Kl99wXiwlVXtPBtJenozv2P+hxDsw9eA7Xo6g==}
    peerDependencies:
      react: ^18.2.0 || 18
    dependencies:
      loose-envify: 1.4.0
      react: 18.2.0
      scheduler: 0.23.0

  /react@18.2.0:
    resolution: {integrity: sha512-/3IjMdb2L9QbBdWiW5e3P2/npwMBaU9mHCSCUzNln0ZCYbcfTsGbTJrU/kGemdH2IWmB2ioZ+zkxtmq6g09fGQ==}
    engines: {node: '>=0.10.0'}
    dependencies:
      loose-envify: 1.4.0

  /rollup@4.5.0:
    resolution: {integrity: sha512-41xsWhzxqjMDASCxH5ibw1mXk+3c4TNI2UjKbLxe6iEzrSQnqOzmmK8/3mufCPbzHNJ2e04Fc1ddI35hHy+8zg==}
    engines: {node: '>=18.0.0', npm: '>=8.0.0'}
    hasBin: true
    optionalDependencies:
      '@rollup/rollup-android-arm-eabi': 4.5.0
      '@rollup/rollup-android-arm64': 4.5.0
      '@rollup/rollup-darwin-arm64': 4.5.0
      '@rollup/rollup-darwin-x64': 4.5.0
      '@rollup/rollup-linux-arm-gnueabihf': 4.5.0
      '@rollup/rollup-linux-arm64-gnu': 4.5.0
      '@rollup/rollup-linux-arm64-musl': 4.5.0
      '@rollup/rollup-linux-x64-gnu': 4.5.0
      '@rollup/rollup-linux-x64-musl': 4.5.0
      '@rollup/rollup-win32-arm64-msvc': 4.5.0
      '@rollup/rollup-win32-ia32-msvc': 4.5.0
      '@rollup/rollup-win32-x64-msvc': 4.5.0
      fsevents: 2.3.3
    dev: false

  /sax@1.3.0:
    resolution: {integrity: sha512-0s+oAmw9zLl1V1cS9BtZN7JAd0cW5e0QH4W3LWEK6a4LaLEA2OTpGYWDY+6XasBLtz6wkm3u1xRw95mRuJ59WA==}
    dev: true

  /scheduler@0.23.0:
    resolution: {integrity: sha512-CtuThmgHNg7zIZWAXi3AsyIzA3n4xx7aNyjwC2VJldO2LMVDhFK+63xGqq6CsJH4rTAt6/M+N4GhZiDYPx9eUw==}
    dependencies:
      loose-envify: 1.4.0

  /shikiji-core@0.9.15:
    resolution: {integrity: sha512-7hqIcUKS15OMs/61Qp2GvO1fSajBB36bDqi8vexIg5kp80V6v6SGtBrlq+nLlo7erMG2d1kvIuTIq1bwKI6fEg==}
    dev: false

  /shikiji-transformers@0.9.15:
    resolution: {integrity: sha512-k0sQ6tX26/cdb8QV9CCwwr7QjRp6/AVP9C0oNIXNld3of+xCrpf74kD74piybG6vMfzBoHGsz/s60RVBJOUaYQ==}
    dependencies:
      shikiji: 0.9.15
    dev: false

  /shikiji@0.9.15:
    resolution: {integrity: sha512-+inN4cN+nY7b0uCPOiqFHAk+cn2DEdM3AIQgPhAV7QKqhww/o7OGS5xvLh3SNnjke9C/HispALqGOQGYHVq7KQ==}
    dependencies:
      shikiji-core: 0.9.15
    dev: false

  /source-map-js@1.0.2:
    resolution: {integrity: sha512-R0XvVJ9WusLiqTCEiGCmICCMplcCkIwwR11mOSD9CR5u+IXYdiseeEuXCVAjS54zqwkLcPNnmU4OeJ6tUrWhDw==}
    engines: {node: '>=0.10.0'}
    dev: false

  /tabbable@6.2.0:
    resolution: {integrity: sha512-Cat63mxsVJlzYvN51JmVXIgNoUokrIaT2zLclCXjRd8boZ0004U4KCs/sToJ75C6sdlByWxpYnb5Boif1VSFew==}
    dev: false

  /to-fast-properties@2.0.0:
    resolution: {integrity: sha512-/OaKK0xYrs3DmxRYqL/yDc+FxFUVYhDlXMhRmv3z915w2HF1tnN1omB354j8VUGO/hbRzyD6Y3sA7v7GS/ceog==}
    engines: {node: '>=4'}
    dev: false

  /undici-types@5.25.3:
    resolution: {integrity: sha512-Ga1jfYwRn7+cP9v8auvEXN1rX3sWqlayd4HP7OKk4mZWylEmu3KzXDUGrQUN6Ol7qo1gPvB2e5gX6udnyEPgdA==}

  /vite@5.0.10(@types/node@20.8.7):
    resolution: {integrity: sha512-2P8J7WWgmc355HUMlFrwofacvr98DAjoE52BfdbwQtyLH06XKwaL/FMnmKM2crF0iX4MpmMKoDlNCB1ok7zHCw==}
    engines: {node: ^18.0.0 || >=20.0.0}
    hasBin: true
    peerDependencies:
      '@types/node': ^18.0.0 || >=20.0.0
      less: '*'
      lightningcss: ^1.21.0
      sass: '*'
      stylus: '*'
      sugarss: '*'
      terser: ^5.4.0
    peerDependenciesMeta:
      '@types/node':
        optional: true
      less:
        optional: true
      lightningcss:
        optional: true
      sass:
        optional: true
      stylus:
        optional: true
      sugarss:
        optional: true
      terser:
        optional: true
    dependencies:
      '@types/node': 20.8.7
      esbuild: 0.19.5
      postcss: 8.4.32
      rollup: 4.5.0
    optionalDependencies:
      fsevents: 2.3.3
    dev: false

  /vitepress@1.0.0-rc.34(@types/node@20.8.7)(@types/react@18.0.15)(react-dom@18.2.0)(react@18.2.0):
    resolution: {integrity: sha512-TUbTiSdAZFni2XlHlpx61KikgkQ5uG4Wtmw2R0SXhIOG6qGqzDJczAFjkMc4i45I9c3KyatwOYe8oEfCnzVYwQ==}
    hasBin: true
    peerDependencies:
      markdown-it-mathjax3: ^4.3.2
      postcss: ^8.4.32
    peerDependenciesMeta:
      markdown-it-mathjax3:
        optional: true
      postcss:
        optional: true
    dependencies:
      '@docsearch/css': 3.5.2
      '@docsearch/js': 3.5.2(@types/react@18.0.15)(react-dom@18.2.0)(react@18.2.0)
      '@types/markdown-it': 13.0.7
      '@vitejs/plugin-vue': 5.0.2(vite@5.0.10)(vue@3.4.3)
      '@vue/devtools-api': 6.5.1
      '@vueuse/core': 10.7.1(vue@3.4.3)
      '@vueuse/integrations': 10.7.1(focus-trap@7.5.4)(vue@3.4.3)
      focus-trap: 7.5.4
      mark.js: 8.11.1
      minisearch: 6.3.0
      mrmime: 2.0.0
      shikiji: 0.9.15
      shikiji-core: 0.9.15
      shikiji-transformers: 0.9.15
      vite: 5.0.10(@types/node@20.8.7)
      vue: 3.4.3
    transitivePeerDependencies:
      - '@algolia/client-search'
      - '@types/node'
      - '@types/react'
      - '@vue/composition-api'
      - async-validator
      - axios
      - change-case
      - drauu
      - fuse.js
      - idb-keyval
      - jwt-decode
      - less
      - lightningcss
      - nprogress
      - qrcode
      - react
      - react-dom
      - sass
      - search-insights
      - sortablejs
      - stylus
      - sugarss
      - terser
      - typescript
      - universal-cookie
    dev: false

  /vue-demi@0.14.6(vue@3.4.3):
    resolution: {integrity: sha512-8QA7wrYSHKaYgUxDA5ZC24w+eHm3sYCbp0EzcDwKqN3p6HqtTCGR/GVsPyZW92unff4UlcSh++lmqDWN3ZIq4w==}
    engines: {node: '>=12'}
    hasBin: true
    requiresBuild: true
    peerDependencies:
      '@vue/composition-api': ^1.0.0-rc.1
      vue: ^3.0.0-0 || ^2.6.0
    peerDependenciesMeta:
      '@vue/composition-api':
        optional: true
    dependencies:
      vue: 3.4.3
    dev: false

  /vue@3.4.3:
    resolution: {integrity: sha512-GjN+culMAGv/mUbkIv8zMKItno8npcj5gWlXkSxf1SPTQf8eJ4A+YfHIvQFyL1IfuJcMl3soA7SmN1fRxbf/wA==}
    peerDependencies:
      typescript: '*'
    peerDependenciesMeta:
      typescript:
        optional: true
    dependencies:
      '@vue/compiler-dom': 3.4.3
      '@vue/compiler-sfc': 3.4.3
      '@vue/runtime-dom': 3.4.3
      '@vue/server-renderer': 3.4.3(vue@3.4.3)
      '@vue/shared': 3.4.3
    dev: false

  /xml-js@1.6.11:
    resolution: {integrity: sha512-7rVi2KMfwfWFl+GpPg6m80IVMWXLRjO+PxTq7V2CDhoGak0wzYzFgUY2m4XJ47OGdXd8eLE8EmwfAmdjw7lC1g==}
    hasBin: true
    dependencies:
      sax: 1.3.0
    dev: true
